
Microsoft Visual Studio Solution File, Format Version 12.00
# Visual Studio 2012
Project("{FAE04EC0-301F-11D3-BF4B-00C04F79EFBC}") = "RameezSajidUnit15", "RameezSajidUnit15\RameezSajidUnit15.csproj", "{8414881F-E2D0-40C6-888D-C50EBDDEC77B}"
EndProject
Global
	GlobalSection(SolutionConfigurationPlatforms) = preSolution
		Debug|Any CPU = Debug|Any CPU
		Release|Any CPU = Release|Any CPU
	EndGlobalSection
	GlobalSection(ProjectConfigurationPlatforms) = postSolution
		{8414881F-E2D0-40C6-888D-C50EBDDEC77B}.Debug|Any CPU.ActiveCfg = Debug|Any CPU
		{8414881F-E2D0-40C6-888D-C50EBDDEC77B}.Debug|Any CPU.Build.0 = Debug|Any CPU
		{8414881F-E2D0-40C6-888D-C50EBDDEC77B}.Release|Any CPU.ActiveCfg = Release|Any CPU
		{8414881F-E2D0-40C6-888D-C50EBDDEC77B}.Release|Any CPU.Build.0 = Release|Any CPU
	EndGlobalSection
	GlobalSection(SolutionProperties) = preSolution
		HideSolutionNode = FALSE
	EndGlobalSection
EndGlobal
